
Microsoft Visual Studio Solution File, Format Version 12.00
# Visual Studio 15
VisualStudioVersion = 15.0.28307.271
MinimumVisualStudioVersion = 10.0.40219.1
Project("{FAE04EC0-301F-11D3-BF4B-00C04F79EFBC}") = "RandomForest", "RandomForest\RandomForest.csproj", "{5DEB17A7-284C-4D29-ACD6-09D163031CCB}"
EndProject
Project("{FAE04EC0-301F-11D3-BF4B-00C04F79EFBC}") = "TestApp", "TestApp\TestApp.csproj", "{A325E8FA-B527-41FB-86BF-F9B80B8FC284}"
EndProject
Global
	GlobalSection(SolutionConfigurationPlatforms) = preSolution
		Debug|Any CPU = Debug|Any CPU
		Release|Any CPU = Release|Any CPU
	EndGlobalSection
	GlobalSection(ProjectConfigurationPlatforms) = postSolution
		{5DEB17A7-284C-4D29-ACD6-09D163031CCB}.Debug|Any CPU.ActiveCfg = Debug|Any CPU
		{5DEB17A7-284C-4D29-ACD6-09D163031CCB}.Debug|Any CPU.Build.0 = Debug|Any CPU
		{5DEB17A7-284C-4D29-ACD6-09D163031CCB}.Release|Any CPU.ActiveCfg = Release|Any CPU
		{5DEB17A7-284C-4D29-ACD6-09D163031CCB}.Release|Any CPU.Build.0 = Release|Any CPU
		{A325E8FA-B527-41FB-86BF-F9B80B8FC284}.Debug|Any CPU.ActiveCfg = Debug|Any CPU
		{A325E8FA-B527-41FB-86BF-F9B80B8FC284}.Debug|Any CPU.Build.0 = Debug|Any CPU
		{A325E8FA-B527-41FB-86BF-F9B80B8FC284}.Release|Any CPU.ActiveCfg = Release|Any CPU
		{A325E8FA-B527-41FB-86BF-F9B80B8FC284}.Release|Any CPU.Build.0 = Release|Any CPU
	EndGlobalSection
	GlobalSection(SolutionProperties) = preSolution
		HideSolutionNode = FALSE
	EndGlobalSection
	GlobalSection(ExtensibilityGlobals) = postSolution
		SolutionGuid = {6860B8F5-BE72-491A-8F91-9409D6664360}
	EndGlobalSection
EndGlobal
